
Microsoft Visual Studio Solution File, Format Version 12.00
# Visual Studio Version 17
VisualStudioVersion = 17.0.31903.59
MinimumVisualStudioVersion = 10.0.40219.1
Project("{FAE04EC0-301F-11D3-BF4B-00C04F79EFBC}") = "PostProcessor.Core", "PostProcessor.Core\PostProcessor.Core.csproj", "{5F1EE5DF-C708-42A5-BED0-147A15A3FCCB}"
EndProject
Project("{FAE04EC0-301F-11D3-BF4B-00C04F79EFBC}") = "PostProcessor.Wpf", "PostProcessor.Wpf\PostProcessor.Wpf.csproj", "{619F87F8-ECCC-4409-9467-B7A3C97CBB73}"
EndProject
Global
	GlobalSection(SolutionConfigurationPlatforms) = preSolution
		Debug|Any CPU = Debug|Any CPU
		Release|Any CPU = Release|Any CPU
	EndGlobalSection
	GlobalSection(SolutionProperties) = preSolution
		HideSolutionNode = FALSE
	EndGlobalSection
	GlobalSection(ProjectConfigurationPlatforms) = postSolution
		{5F1EE5DF-C708-42A5-BED0-147A15A3FCCB}.Debug|Any CPU.ActiveCfg = Debug|Any CPU
		{5F1EE5DF-C708-42A5-BED0-147A15A3FCCB}.Debug|Any CPU.Build.0 = Debug|Any CPU
		{5F1EE5DF-C708-42A5-BED0-147A15A3FCCB}.Release|Any CPU.ActiveCfg = Release|Any CPU
		{5F1EE5DF-C708-42A5-BED0-147A15A3FCCB}.Release|Any CPU.Build.0 = Release|Any CPU
		{619F87F8-ECCC-4409-9467-B7A3C97CBB73}.Debug|Any CPU.ActiveCfg = Debug|Any CPU
		{619F87F8-ECCC-4409-9467-B7A3C97CBB73}.Debug|Any CPU.Build.0 = Debug|Any CPU
		{619F87F8-ECCC-4409-9467-B7A3C97CBB73}.Release|Any CPU.ActiveCfg = Release|Any CPU
		{619F87F8-ECCC-4409-9467-B7A3C97CBB73}.Release|Any CPU.Build.0 = Release|Any CPU
	EndGlobalSection
EndGlobal
